
Microsoft Visual Studio Solution File, Format Version 12.00
# Visual Studio Version 16
VisualStudioVersion = 16.0.31112.23
MinimumVisualStudioVersion = 10.0.40219.1
Project("{FAE04EC0-301F-11D3-BF4B-00C04F79EFBC}") = "WPF_FSSP", "WPF_FSSP\WPF_FSSP.csproj", "{08935315-6F47-41AB-B901-E25CA8D605A1}"
EndProject
Global
	GlobalSection(SolutionConfigurationPlatforms) = preSolution
		Debug|Any CPU = Debug|Any CPU
		Release|Any CPU = Release|Any CPU
	EndGlobalSection
	GlobalSection(ProjectConfigurationPlatforms) = postSolution
		{08935315-6F47-41AB-B901-E25CA8D605A1}.Debug|Any CPU.ActiveCfg = Debug|Any CPU
		{08935315-6F47-41AB-B901-E25CA8D605A1}.Debug|Any CPU.Build.0 = Debug|Any CPU
		{08935315-6F47-41AB-B901-E25CA8D605A1}.Release|Any CPU.ActiveCfg = Release|Any CPU
		{08935315-6F47-41AB-B901-E25CA8D605A1}.Release|Any CPU.Build.0 = Release|Any CPU
	EndGlobalSection
	GlobalSection(SolutionProperties) = preSolution
		HideSolutionNode = FALSE
	EndGlobalSection
	GlobalSection(ExtensibilityGlobals) = postSolution
		SolutionGuid = {3F4577B5-17C1-4139-86A8-A75E868A050E}
	EndGlobalSection
EndGlobal
